
Microsoft Visual Studio Solution File, Format Version 12.00
# Visual Studio Version 16
VisualStudioVersion = 16.0.30503.244
MinimumVisualStudioVersion = 10.0.40219.1
Project("{9A19103F-16F7-4668-BE54-9A1E7A4F7556}") = "TaskListApi", "TaskListApi\TaskListApi.csproj", "{93D724D4-2326-4D08-B2A2-4FDE582138A9}"
EndProject
Project("{9A19103F-16F7-4668-BE54-9A1E7A4F7556}") = "TaskListApiTests", "TaskListApiTests\TaskListApiTests.csproj", "{2C26BB46-C4E8-47BD-ABCA-D2B2B3C5837D}"
EndProject
Project("{E53339B2-1760-4266-BCC7-CA923CBCF16C}") = "docker-compose", "docker-compose.dcproj", "{36C4F662-3C62-4F93-B89F-C83F404C7147}"
EndProject
Global
	GlobalSection(SolutionConfigurationPlatforms) = preSolution
		Debug|Any CPU = Debug|Any CPU
		Release|Any CPU = Release|Any CPU
	EndGlobalSection
	GlobalSection(ProjectConfigurationPlatforms) = postSolution
		{93D724D4-2326-4D08-B2A2-4FDE582138A9}.Debug|Any CPU.ActiveCfg = Debug|Any CPU
		{93D724D4-2326-4D08-B2A2-4FDE582138A9}.Debug|Any CPU.Build.0 = Debug|Any CPU
		{93D724D4-2326-4D08-B2A2-4FDE582138A9}.Release|Any CPU.ActiveCfg = Release|Any CPU
		{93D724D4-2326-4D08-B2A2-4FDE582138A9}.Release|Any CPU.Build.0 = Release|Any CPU
		{2C26BB46-C4E8-47BD-ABCA-D2B2B3C5837D}.Debug|Any CPU.ActiveCfg = Debug|Any CPU
		{2C26BB46-C4E8-47BD-ABCA-D2B2B3C5837D}.Debug|Any CPU.Build.0 = Debug|Any CPU
		{2C26BB46-C4E8-47BD-ABCA-D2B2B3C5837D}.Release|Any CPU.ActiveCfg = Release|Any CPU
		{2C26BB46-C4E8-47BD-ABCA-D2B2B3C5837D}.Release|Any CPU.Build.0 = Release|Any CPU
		{36C4F662-3C62-4F93-B89F-C83F404C7147}.Debug|Any CPU.ActiveCfg = Debug|Any CPU
		{36C4F662-3C62-4F93-B89F-C83F404C7147}.Debug|Any CPU.Build.0 = Debug|Any CPU
		{36C4F662-3C62-4F93-B89F-C83F404C7147}.Release|Any CPU.ActiveCfg = Release|Any CPU
		{36C4F662-3C62-4F93-B89F-C83F404C7147}.Release|Any CPU.Build.0 = Release|Any CPU
	EndGlobalSection
	GlobalSection(SolutionProperties) = preSolution
		HideSolutionNode = FALSE
	EndGlobalSection
	GlobalSection(ExtensibilityGlobals) = postSolution
		SolutionGuid = {BCB9A570-0190-41E1-A1D1-83EDADB910EE}
	EndGlobalSection
EndGlobal
